<?xml version="1.0" encoding="UTF-8" standalone="yes" ?>
<CodeBlocks_project_file>
   <FileVersion major="1" minor="6" />
   <Project>
      <Option title="BlaBle" />
      <Option makefile_is_custom="1" />
      <Option compiler="gcc" />
      <Option virtualFolders="CMake Files\;CMake Files\..\;CMake Files\..\..\;CMake Files\..\..\..\;CMake Files\..\..\..\..\;CMake Files\..\..\..\..\..\;CMake Files\..\..\..\..\..\usr\;CMake Files\..\..\..\..\..\usr\share\;CMake Files\..\..\..\..\..\usr\share\OpenCV\;" />
      <Build>
      <Target title="all">
         <Option working_dir="/home/smt/pf/src/teste" />
         <Option type="4" />
         <MakeCommands>
            <Build command="/usr/bin/make -f &quot;/home/smt/pf/src/teste/Makefile&quot;  VERBOSE=1 all" />
            <CompileFile command="/usr/bin/make -f &quot;/home/smt/pf/src/teste/Makefile&quot;  VERBOSE=1 &quot;$file&quot;" />
            <Clean command="/usr/bin/make -f &quot;/home/smt/pf/src/teste/Makefile&quot;  VERBOSE=1 clean" />
            <DistClean command="/usr/bin/make -f &quot;/home/smt/pf/src/teste/Makefile&quot;  VERBOSE=1 clean" />
         </MakeCommands>
      </Target>
      <Target title="displayblabli">
         <Option output="/home/smt/pf/src/teste/displayblabli" prefix_auto="0" extension_auto="0" />
         <Option working_dir="/home/smt/pf/src/teste" />
         <Option object_output="./" />
         <Option type="1" />
         <Option compiler="gcc" />
         <Compiler>
            <Add option="-DBlaBle_VERSION=&quot;aaa.versao.teste.1-7-g6a5c853&quot;" />
            <Add directory="/usr/include" />
            <Add directory="/usr/include/opencv" />
         </Compiler>
         <MakeCommands>
            <Build command="/usr/bin/make -f &quot;/home/smt/pf/src/teste/Makefile&quot;  VERBOSE=1 displayblabli" />
            <CompileFile command="/usr/bin/make -f &quot;/home/smt/pf/src/teste/Makefile&quot;  VERBOSE=1 &quot;$file&quot;" />
            <Clean command="/usr/bin/make -f &quot;/home/smt/pf/src/teste/Makefile&quot;  VERBOSE=1 clean" />
            <DistClean command="/usr/bin/make -f &quot;/home/smt/pf/src/teste/Makefile&quot;  VERBOSE=1 clean" />
         </MakeCommands>
      </Target>
      <Target title="displayblabli/fast">
         <Option output="/home/smt/pf/src/teste/displayblabli" prefix_auto="0" extension_auto="0" />
         <Option working_dir="/home/smt/pf/src/teste" />
         <Option object_output="./" />
         <Option type="1" />
         <Option compiler="gcc" />
         <Compiler>
            <Add option="-DBlaBle_VERSION=&quot;aaa.versao.teste.1-7-g6a5c853&quot;" />
            <Add directory="/usr/include" />
            <Add directory="/usr/include/opencv" />
         </Compiler>
         <MakeCommands>
            <Build command="/usr/bin/make -f &quot;/home/smt/pf/src/teste/Makefile&quot;  VERBOSE=1 displayblabli/fast" />
            <CompileFile command="/usr/bin/make -f &quot;/home/smt/pf/src/teste/Makefile&quot;  VERBOSE=1 &quot;$file&quot;" />
            <Clean command="/usr/bin/make -f &quot;/home/smt/pf/src/teste/Makefile&quot;  VERBOSE=1 clean" />
            <DistClean command="/usr/bin/make -f &quot;/home/smt/pf/src/teste/Makefile&quot;  VERBOSE=1 clean" />
         </MakeCommands>
      </Target>
      <Target title="edit_cache">
         <Option working_dir="/home/smt/pf/src/teste" />
         <Option type="4" />
         <MakeCommands>
            <Build command="/usr/bin/make -f &quot;/home/smt/pf/src/teste/Makefile&quot;  VERBOSE=1 edit_cache" />
            <CompileFile command="/usr/bin/make -f &quot;/home/smt/pf/src/teste/Makefile&quot;  VERBOSE=1 &quot;$file&quot;" />
            <Clean command="/usr/bin/make -f &quot;/home/smt/pf/src/teste/Makefile&quot;  VERBOSE=1 clean" />
            <DistClean command="/usr/bin/make -f &quot;/home/smt/pf/src/teste/Makefile&quot;  VERBOSE=1 clean" />
         </MakeCommands>
      </Target>
      <Target title="rebuild_cache">
         <Option working_dir="/home/smt/pf/src/teste" />
         <Option type="4" />
         <MakeCommands>
            <Build command="/usr/bin/make -f &quot;/home/smt/pf/src/teste/Makefile&quot;  VERBOSE=1 rebuild_cache" />
            <CompileFile command="/usr/bin/make -f &quot;/home/smt/pf/src/teste/Makefile&quot;  VERBOSE=1 &quot;$file&quot;" />
            <Clean command="/usr/bin/make -f &quot;/home/smt/pf/src/teste/Makefile&quot;  VERBOSE=1 clean" />
            <DistClean command="/usr/bin/make -f &quot;/home/smt/pf/src/teste/Makefile&quot;  VERBOSE=1 clean" />
         </MakeCommands>
      </Target>
      </Build>
      <Unit filename="/home/smt/pf/src/teste/teste-opencv.cpp">
      </Unit>
      <Unit filename="/home/smt/pf/src/teste/CMakeLists.txt">
          <Option virtualFolder="CMake Files\" />
      </Unit>
      <Unit filename="/home/smt/pf/src/teste/../../../../../usr/share/OpenCV/OpenCVConfig-version.cmake">
          <Option virtualFolder="CMake Files\..\..\..\..\..\usr\share\OpenCV\" />
      </Unit>
      <Unit filename="/home/smt/pf/src/teste/../../../../../usr/share/OpenCV/OpenCVConfig.cmake">
          <Option virtualFolder="CMake Files\..\..\..\..\..\usr\share\OpenCV\" />
      </Unit>
   </Project>
</CodeBlocks_project_file>
